
Microsoft Visual Studio Solution File, Format Version 12.00
# Visual Studio 15
VisualStudioVersion = 15.0.26730.12
MinimumVisualStudioVersion = 10.0.40219.1
Project("{9A19103F-16F7-4668-BE54-9A1E7A4F7556}") = "HelloDocker.Web", "HelloDocker.Web.csproj", "{15F5AFF8-489C-4F4B-9D96-A2108D8B9A93}"
EndProject
Global
	GlobalSection(SolutionConfigurationPlatforms) = preSolution
		Debug|Any CPU = Debug|Any CPU
		Release|Any CPU = Release|Any CPU
	EndGlobalSection
	GlobalSection(ProjectConfigurationPlatforms) = postSolution
		{15F5AFF8-489C-4F4B-9D96-A2108D8B9A93}.Debug|Any CPU.ActiveCfg = Debug|Any CPU
		{15F5AFF8-489C-4F4B-9D96-A2108D8B9A93}.Debug|Any CPU.Build.0 = Debug|Any CPU
		{15F5AFF8-489C-4F4B-9D96-A2108D8B9A93}.Release|Any CPU.ActiveCfg = Release|Any CPU
		{15F5AFF8-489C-4F4B-9D96-A2108D8B9A93}.Release|Any CPU.Build.0 = Release|Any CPU
	EndGlobalSection
	GlobalSection(SolutionProperties) = preSolution
		HideSolutionNode = FALSE
	EndGlobalSection
	GlobalSection(ExtensibilityGlobals) = postSolution
		SolutionGuid = {8A7C3DFA-917B-47A2-8273-4E32894F9CDD}
	EndGlobalSection
EndGlobal
